
Microsoft Visual Studio Solution File, Format Version 12.00
# Visual Studio Version 17
VisualStudioVersion = 17.9.34310.174
MinimumVisualStudioVersion = 10.0.40219.1
Project("{FAE04EC0-301F-11D3-BF4B-00C04F79EFBC}") = "NHibernateFirstProject", "NHibernateFirstProject\NHibernateFirstProject.csproj", "{2D0C3684-78FC-476A-81C0-A4FED606D271}"
EndProject
Global
	GlobalSection(SolutionConfigurationPlatforms) = preSolution
		Debug|Any CPU = Debug|Any CPU
		Release|Any CPU = Release|Any CPU
	EndGlobalSection
	GlobalSection(ProjectConfigurationPlatforms) = postSolution
		{2D0C3684-78FC-476A-81C0-A4FED606D271}.Debug|Any CPU.ActiveCfg = Debug|Any CPU
		{2D0C3684-78FC-476A-81C0-A4FED606D271}.Debug|Any CPU.Build.0 = Debug|Any CPU
		{2D0C3684-78FC-476A-81C0-A4FED606D271}.Release|Any CPU.ActiveCfg = Release|Any CPU
		{2D0C3684-78FC-476A-81C0-A4FED606D271}.Release|Any CPU.Build.0 = Release|Any CPU
	EndGlobalSection
	GlobalSection(SolutionProperties) = preSolution
		HideSolutionNode = FALSE
	EndGlobalSection
	GlobalSection(ExtensibilityGlobals) = postSolution
		SolutionGuid = {4052D6A6-2632-4C67-A269-24317F872AEA}
	EndGlobalSection
EndGlobal
